
Microsoft Visual Studio Solution File, Format Version 12.00
# Visual Studio Version 17
VisualStudioVersion = 17.1.32407.343
MinimumVisualStudioVersion = 10.0.40219.1
Project("{9A19103F-16F7-4668-BE54-9A1E7A4F7556}") = "Sample.WebApi", "Sample.WebApi\Sample.WebApi.csproj", "{B85A2151-0448-4F40-823D-69BA6CF4577D}"
EndProject
Project("{9A19103F-16F7-4668-BE54-9A1E7A4F7556}") = "Sample.BlazorServer", "Sample.BlazorServer\Sample.BlazorServer.csproj", "{D87D5DAD-D811-4530-9DE8-10BAEE3BE1BB}"
EndProject
Global
	GlobalSection(SolutionConfigurationPlatforms) = preSolution
		Debug|Any CPU = Debug|Any CPU
		Release|Any CPU = Release|Any CPU
	EndGlobalSection
	GlobalSection(ProjectConfigurationPlatforms) = postSolution
		{B85A2151-0448-4F40-823D-69BA6CF4577D}.Debug|Any CPU.ActiveCfg = Debug|Any CPU
		{B85A2151-0448-4F40-823D-69BA6CF4577D}.Debug|Any CPU.Build.0 = Debug|Any CPU
		{B85A2151-0448-4F40-823D-69BA6CF4577D}.Release|Any CPU.ActiveCfg = Release|Any CPU
		{B85A2151-0448-4F40-823D-69BA6CF4577D}.Release|Any CPU.Build.0 = Release|Any CPU
		{D87D5DAD-D811-4530-9DE8-10BAEE3BE1BB}.Debug|Any CPU.ActiveCfg = Debug|Any CPU
		{D87D5DAD-D811-4530-9DE8-10BAEE3BE1BB}.Debug|Any CPU.Build.0 = Debug|Any CPU
		{D87D5DAD-D811-4530-9DE8-10BAEE3BE1BB}.Release|Any CPU.ActiveCfg = Release|Any CPU
		{D87D5DAD-D811-4530-9DE8-10BAEE3BE1BB}.Release|Any CPU.Build.0 = Release|Any CPU
	EndGlobalSection
	GlobalSection(SolutionProperties) = preSolution
		HideSolutionNode = FALSE
	EndGlobalSection
	GlobalSection(ExtensibilityGlobals) = postSolution
		SolutionGuid = {0CA28687-9DF6-492D-BCF0-2020A0E4A167}
	EndGlobalSection
EndGlobal
